
Microsoft Visual Studio Solution File, Format Version 12.00
# Visual Studio Version 16
VisualStudioVersion = 16.0.31112.23
MinimumVisualStudioVersion = 10.0.40219.1
Project("{FAE04EC0-301F-11D3-BF4B-00C04F79EFBC}") = "RestWithASPNET", "RestWithASPNET\RestWithASPNET.csproj", "{41BC3A11-E52A-4A44-86C9-4C0CE6590824}"
EndProject
Global
	GlobalSection(SolutionConfigurationPlatforms) = preSolution
		Debug|Any CPU = Debug|Any CPU
		Release|Any CPU = Release|Any CPU
	EndGlobalSection
	GlobalSection(ProjectConfigurationPlatforms) = postSolution
		{41BC3A11-E52A-4A44-86C9-4C0CE6590824}.Debug|Any CPU.ActiveCfg = Debug|Any CPU
		{41BC3A11-E52A-4A44-86C9-4C0CE6590824}.Debug|Any CPU.Build.0 = Debug|Any CPU
		{41BC3A11-E52A-4A44-86C9-4C0CE6590824}.Release|Any CPU.ActiveCfg = Release|Any CPU
		{41BC3A11-E52A-4A44-86C9-4C0CE6590824}.Release|Any CPU.Build.0 = Release|Any CPU
	EndGlobalSection
	GlobalSection(SolutionProperties) = preSolution
		HideSolutionNode = FALSE
	EndGlobalSection
	GlobalSection(ExtensibilityGlobals) = postSolution
		SolutionGuid = {6F4C7EF1-34F7-419B-83FA-B3B1E0C32BF5}
	EndGlobalSection
EndGlobal
